
Microsoft Visual Studio Solution File, Format Version 12.00
# Visual Studio Version 17
VisualStudioVersion = 17.6.33829.357
MinimumVisualStudioVersion = 10.0.40219.1
Project("{FAE04EC0-301F-11D3-BF4B-00C04F79EFBC}") = "DeclaracionvVariables", "DeclaracionvVariables\DeclaracionvVariables.csproj", "{69B41C72-4F06-458A-A0BD-E0F4E7FA6923}"
EndProject
Global
	GlobalSection(SolutionConfigurationPlatforms) = preSolution
		Debug|Any CPU = Debug|Any CPU
		Release|Any CPU = Release|Any CPU
	EndGlobalSection
	GlobalSection(ProjectConfigurationPlatforms) = postSolution
		{69B41C72-4F06-458A-A0BD-E0F4E7FA6923}.Debug|Any CPU.ActiveCfg = Debug|Any CPU
		{69B41C72-4F06-458A-A0BD-E0F4E7FA6923}.Debug|Any CPU.Build.0 = Debug|Any CPU
		{69B41C72-4F06-458A-A0BD-E0F4E7FA6923}.Release|Any CPU.ActiveCfg = Release|Any CPU
		{69B41C72-4F06-458A-A0BD-E0F4E7FA6923}.Release|Any CPU.Build.0 = Release|Any CPU
	EndGlobalSection
	GlobalSection(SolutionProperties) = preSolution
		HideSolutionNode = FALSE
	EndGlobalSection
	GlobalSection(ExtensibilityGlobals) = postSolution
		SolutionGuid = {36288371-D15A-49DE-B55D-D57322AF1762}
	EndGlobalSection
EndGlobal
